PODS:
  - Flutter (1.0.0)
  - integration_test (0.0.1):
    - Flutter
  - ip_address_plugin (0.0.1):
    - Flutter

DEPENDENCIES:
  - Flutter (from `Flutter`)
  - integration_test (from `.symlinks/plugins/integration_test/ios`)
  - ip_address_plugin (from `.symlinks/plugins/ip_address_plugin/ios`)

EXTERNAL SOURCES:
  Flutter:
    :path: Flutter
  integration_test:
    :path: ".symlinks/plugins/integration_test/ios"
  ip_address_plugin:
    :path: ".symlinks/plugins/ip_address_plugin/ios"

SPEC CHECKSUMS:
  Flutter: cabc95a1d2626b1b06e7179b784ebcf0c0cde467
  integration_test: 252f60fa39af5e17c3aa9899d35d908a0721b573
  ip_address_plugin: 483e46086a019d4c0f60ad2231906c365aeddc65

PODFILE CHECKSUM: 3c63482e143d1b91d2d2560aee9fb04ecc74ac7e

COCOAPODS: 1.16.2
